
Microsoft Visual Studio Solution File, Format Version 12.00
# Visual Studio 15
Project("{FAE04EC0-301F-11D3-BF4B-00C04F79EFBC}") = "Oculus.Interaction.Editor", "Oculus.Interaction.Editor.csproj", "{AA52BBA6-7F78-84C8-8988-0F011554CBCD}"
EndProject
Project("{FAE04EC0-301F-11D3-BF4B-00C04F79EFBC}") = "Meta.WitAi.Conduit", "Meta.WitAi.Conduit.csproj", "{4DF41271-7DB0-C578-7443-71F48A2FCF41}"
EndProject
Project("{FAE04EC0-301F-11D3-BF4B-00C04F79EFBC}") = "Oculus.VR", "Oculus.VR.csproj", "{C75574CC-F845-3B5B-AE77-0FA67AECB5DA}"
EndProject
Project("{FAE04EC0-301F-11D3-BF4B-00C04F79EFBC}") = "Oculus.Interaction", "Oculus.Interaction.csproj", "{A4B70E87-8DBB-1FDD-2F04-AB1F787DCA3C}"
EndProject
Project("{FAE04EC0-301F-11D3-BF4B-00C04F79EFBC}") = "Oculus.Voice.Demo", "Oculus.Voice.Demo.csproj", "{89A59287-18B0-9784-7C09-9530C0859793}"
EndProject
Project("{FAE04EC0-301F-11D3-BF4B-00C04F79EFBC}") = "Meta.WitAi.Editor", "Meta.WitAi.Editor.csproj", "{CB494FA5-3EAB-57A9-02DD-B9B1AADC6DE4}"
EndProject
Project("{FAE04EC0-301F-11D3-BF4B-00C04F79EFBC}") = "Oculus.Platform", "Oculus.Platform.csproj", "{E9352E69-BF95-1460-625F-E0F40CF13F59}"
EndProject
Project("{FAE04EC0-301F-11D3-BF4B-00C04F79EFBC}") = "Meta.WitAi.Conduit.Editor", "Meta.WitAi.Conduit.Editor.csproj", "{348DB70E-116D-8BEA-903B-A6597258E91C}"
EndProject
Project("{FAE04EC0-301F-11D3-BF4B-00C04F79EFBC}") = "Meta.WitAi", "Meta.WitAi.csproj", "{50E6E0A7-B320-ADAD-A1E7-E466BB9C0F5E}"
EndProject
Project("{FAE04EC0-301F-11D3-BF4B-00C04F79EFBC}") = "Oculus.Interaction.OVR.Samples", "Oculus.Interaction.OVR.Samples.csproj", "{36F52595-9A08-DCC9-1C66-24443DF4690A}"
EndProject
Project("{FAE04EC0-301F-11D3-BF4B-00C04F79EFBC}") = "Assembly-CSharp", "Assembly-CSharp.csproj", "{80D7E86D-3533-262C-5590-338714EFC2D8}"
EndProject
Project("{FAE04EC0-301F-11D3-BF4B-00C04F79EFBC}") = "Meta.WitAi.Lib", "Meta.WitAi.Lib.csproj", "{ADD4E5EE-28EA-0428-4A3D-D3F3088F0977}"
EndProject
Project("{FAE04EC0-301F-11D3-BF4B-00C04F79EFBC}") = "Oculus.VR.Editor", "Oculus.VR.Editor.csproj", "{E27C6D47-70F3-B2D1-BAA6-26C7BDE858E6}"
EndProject
Project("{FAE04EC0-301F-11D3-BF4B-00C04F79EFBC}") = "Meta.Voice.Hub.Runtime", "Meta.Voice.Hub.Runtime.csproj", "{3893B3A4-B83A-9D5E-3EC8-0EA99D742201}"
EndProject
Project("{FAE04EC0-301F-11D3-BF4B-00C04F79EFBC}") = "VoiceSDK.Dictation.Runtime", "VoiceSDK.Dictation.Runtime.csproj", "{1FD56AB2-9A4C-B4D7-C05E-9BBB4BD024D8}"
EndProject
Project("{FAE04EC0-301F-11D3-BF4B-00C04F79EFBC}") = "Oculus.LipSync", "Oculus.LipSync.csproj", "{8D445E8D-A669-D80E-FA77-18BB77447535}"
EndProject
Project("{FAE04EC0-301F-11D3-BF4B-00C04F79EFBC}") = "Oculus.Interaction.OVR", "Oculus.Interaction.OVR.csproj", "{BAF00945-F901-DC3F-9BAF-18A0B027B7F8}"
EndProject
Project("{FAE04EC0-301F-11D3-BF4B-00C04F79EFBC}") = "Meta.WitAi.TTS.Samples", "Meta.WitAi.TTS.Samples.csproj", "{18D78648-57E8-991A-DC70-F77C31C530C9}"
EndProject
Project("{FAE04EC0-301F-11D3-BF4B-00C04F79EFBC}") = "Meta.Voice.Hub.Editor", "Meta.Voice.Hub.Editor.csproj", "{78E232AF-9769-966B-0758-D753813252A0}"
EndProject
Project("{FAE04EC0-301F-11D3-BF4B-00C04F79EFBC}") = "VoiceSDK.Editor", "VoiceSDK.Editor.csproj", "{B484BADA-347A-5286-B6F5-D47C9CEFBEF2}"
EndProject
Project("{FAE04EC0-301F-11D3-BF4B-00C04F79EFBC}") = "Meta.WitAI.Lib.Editor", "Meta.WitAI.Lib.Editor.csproj", "{F12E94FE-AD37-8133-C5A9-369961BCF708}"
EndProject
Project("{FAE04EC0-301F-11D3-BF4B-00C04F79EFBC}") = "Oculus.Spatializer.Editor", "Oculus.Spatializer.Editor.csproj", "{D84D6F7F-6220-DC48-3B7F-A023F0F21BC2}"
EndProject
Project("{FAE04EC0-301F-11D3-BF4B-00C04F79EFBC}") = "Oculus.AudioManager", "Oculus.AudioManager.csproj", "{FB41B0EC-CD44-F788-D78B-FB596ED5A9EE}"
EndProject
Project("{FAE04EC0-301F-11D3-BF4B-00C04F79EFBC}") = "AssistantCoreSDKRuntime", "AssistantCoreSDKRuntime.csproj", "{B106724C-2572-C5A9-20C3-2F16EDBF7831}"
EndProject
Project("{FAE04EC0-301F-11D3-BF4B-00C04F79EFBC}") = "Facebook.Wit.Dictation", "Facebook.Wit.Dictation.csproj", "{EF7E3A7A-3CF3-B584-AB5C-8F71263BF541}"
EndProject
Project("{FAE04EC0-301F-11D3-BF4B-00C04F79EFBC}") = "Oculus.Platform.Editor", "Oculus.Platform.Editor.csproj", "{355D9C4A-1CD9-77AD-8305-29426C7BDB75}"
EndProject
Project("{FAE04EC0-301F-11D3-BF4B-00C04F79EFBC}") = "VoiceSDK.Runtime", "VoiceSDK.Runtime.csproj", "{D38EDCAC-056E-5E20-F4F0-55CC7C017120}"
EndProject
Project("{FAE04EC0-301F-11D3-BF4B-00C04F79EFBC}") = "Meta.Voice.VSDKHub.Editor", "Meta.Voice.VSDKHub.Editor.csproj", "{2D585D6C-F550-7591-E1CA-C486A0991234}"
EndProject
Project("{FAE04EC0-301F-11D3-BF4B-00C04F79EFBC}") = "Meta.WitAi.TTS", "Meta.WitAi.TTS.csproj", "{640B01C8-063B-7210-FE28-032401D9CFEF}"
EndProject
Project("{FAE04EC0-301F-11D3-BF4B-00C04F79EFBC}") = "Oculus.AudioManager.Audio.Editor", "Oculus.AudioManager.Audio.Editor.csproj", "{890D1493-9A33-9F4F-38CC-4101A3DD822B}"
EndProject
Project("{FAE04EC0-301F-11D3-BF4B-00C04F79EFBC}") = "Assembly-CSharp-Editor", "Assembly-CSharp-Editor.csproj", "{AD174BC1-008F-6F0B-36E6-82894DF5A981}"
EndProject
Project("{FAE04EC0-301F-11D3-BF4B-00C04F79EFBC}") = "Oculus.VR.Scripts.Editor", "Oculus.VR.Scripts.Editor.csproj", "{BF8990EA-5B64-81BB-D7BA-55ADE355AC56}"
EndProject
Project("{FAE04EC0-301F-11D3-BF4B-00C04F79EFBC}") = "Oculus.Interaction.Samples.Editor", "Oculus.Interaction.Samples.Editor.csproj", "{15EAF3C6-5BDB-F293-BD41-6EDE30D3937F}"
EndProject
Project("{FAE04EC0-301F-11D3-BF4B-00C04F79EFBC}") = "Meta.WitAi.TTS.Editor", "Meta.WitAi.TTS.Editor.csproj", "{DA56B7A5-6B14-C3AB-6BF9-87E4EC01A18C}"
EndProject
Project("{FAE04EC0-301F-11D3-BF4B-00C04F79EFBC}") = "Oculus.Interaction.OVR.Editor", "Oculus.Interaction.OVR.Editor.csproj", "{D627CA1D-52E8-6559-66FE-AC41E9AE23C2}"
EndProject
Project("{FAE04EC0-301F-11D3-BF4B-00C04F79EFBC}") = "Oculus.Spatializer", "Oculus.Spatializer.csproj", "{19459D8B-67A6-1C15-A7A7-F0CCCFC102F5}"
EndProject
Project("{FAE04EC0-301F-11D3-BF4B-00C04F79EFBC}") = "Oculus.LipSync.Editor", "Oculus.LipSync.Editor.csproj", "{185663CD-A949-9676-BC68-FBA55DD53C44}"
EndProject
Project("{FAE04EC0-301F-11D3-BF4B-00C04F79EFBC}") = "Oculus.AudioManager.Utils.Editor", "Oculus.AudioManager.Utils.Editor.csproj", "{DE49D3E7-5AE4-E782-E765-F18984BBC1CB}"
EndProject
Project("{FAE04EC0-301F-11D3-BF4B-00C04F79EFBC}") = "Meta.VoiceSDK.Mic.Common", "Meta.VoiceSDK.Mic.Common.csproj", "{834D7E47-4FD8-66B1-2D5E-B3D48054084A}"
EndProject
Project("{FAE04EC0-301F-11D3-BF4B-00C04F79EFBC}") = "VoiceSDK.Dictation.Editor", "VoiceSDK.Dictation.Editor.csproj", "{6A715659-023A-A93E-E2AB-D8BC6CA06322}"
EndProject
Project("{FAE04EC0-301F-11D3-BF4B-00C04F79EFBC}") = "Meta.VoiceSDK.Mic.Other", "Meta.VoiceSDK.Mic.Other.csproj", "{03CB1565-22A3-38CE-7C4E-195273E20119}"
EndProject
Project("{FAE04EC0-301F-11D3-BF4B-00C04F79EFBC}") = "AssistantCoreSDKEditor", "AssistantCoreSDKEditor.csproj", "{FEF82885-CBBA-3E97-4DF2-5374EBD05D33}"
EndProject
Project("{FAE04EC0-301F-11D3-BF4B-00C04F79EFBC}") = "Oculus.Interaction.InterfaceSupport", "Oculus.Interaction.InterfaceSupport.csproj", "{9CE274A2-022F-927A-B35B-F20F6E475E67}"
EndProject
Project("{FAE04EC0-301F-11D3-BF4B-00C04F79EFBC}") = "Facebook.Wit.Dictation.Editor", "Facebook.Wit.Dictation.Editor.csproj", "{3A76FF97-75E0-9A8D-E406-00F8A8EE5E18}"
EndProject
Project("{FAE04EC0-301F-11D3-BF4B-00C04F79EFBC}") = "Meta.VoiceSDK.Mic.WebGL", "Meta.VoiceSDK.Mic.WebGL.csproj", "{34103714-5C6C-0B98-02FD-F4F0F0717B0A}"
EndProject
Global
	GlobalSection(SolutionConfigurationPlatforms) = preSolution
		Debug|Any CPU = Debug|Any CPU
		Release|Any CPU = Release|Any CPU
	EndGlobalSection
	GlobalSection(ProjectConfigurationPlatforms) = postSolution
		{AA52BBA6-7F78-84C8-8988-0F011554CBCD}.Debug|Any CPU.ActiveCfg = Debug|Any CPU
		{AA52BBA6-7F78-84C8-8988-0F011554CBCD}.Debug|Any CPU.Build.0 = Debug|Any CPU
		{AA52BBA6-7F78-84C8-8988-0F011554CBCD}.Release|Any CPU.ActiveCfg = Release|Any CPU
		{AA52BBA6-7F78-84C8-8988-0F011554CBCD}.Release|Any CPU.Build.0 = Release|Any CPU
		{4DF41271-7DB0-C578-7443-71F48A2FCF41}.Debug|Any CPU.ActiveCfg = Debug|Any CPU
		{4DF41271-7DB0-C578-7443-71F48A2FCF41}.Debug|Any CPU.Build.0 = Debug|Any CPU
		{4DF41271-7DB0-C578-7443-71F48A2FCF41}.Release|Any CPU.ActiveCfg = Release|Any CPU
		{4DF41271-7DB0-C578-7443-71F48A2FCF41}.Release|Any CPU.Build.0 = Release|Any CPU
		{C75574CC-F845-3B5B-AE77-0FA67AECB5DA}.Debug|Any CPU.ActiveCfg = Debug|Any CPU
		{C75574CC-F845-3B5B-AE77-0FA67AECB5DA}.Debug|Any CPU.Build.0 = Debug|Any CPU
		{C75574CC-F845-3B5B-AE77-0FA67AECB5DA}.Release|Any CPU.ActiveCfg = Release|Any CPU
		{C75574CC-F845-3B5B-AE77-0FA67AECB5DA}.Release|Any CPU.Build.0 = Release|Any CPU
		{A4B70E87-8DBB-1FDD-2F04-AB1F787DCA3C}.Debug|Any CPU.ActiveCfg = Debug|Any CPU
		{A4B70E87-8DBB-1FDD-2F04-AB1F787DCA3C}.Debug|Any CPU.Build.0 = Debug|Any CPU
		{A4B70E87-8DBB-1FDD-2F04-AB1F787DCA3C}.Release|Any CPU.ActiveCfg = Release|Any CPU
		{A4B70E87-8DBB-1FDD-2F04-AB1F787DCA3C}.Release|Any CPU.Build.0 = Release|Any CPU
		{89A59287-18B0-9784-7C09-9530C0859793}.Debug|Any CPU.ActiveCfg = Debug|Any CPU
		{89A59287-18B0-9784-7C09-9530C0859793}.Debug|Any CPU.Build.0 = Debug|Any CPU
		{89A59287-18B0-9784-7C09-9530C0859793}.Release|Any CPU.ActiveCfg = Release|Any CPU
		{89A59287-18B0-9784-7C09-9530C0859793}.Release|Any CPU.Build.0 = Release|Any CPU
		{CB494FA5-3EAB-57A9-02DD-B9B1AADC6DE4}.Debug|Any CPU.ActiveCfg = Debug|Any CPU
		{CB494FA5-3EAB-57A9-02DD-B9B1AADC6DE4}.Debug|Any CPU.Build.0 = Debug|Any CPU
		{CB494FA5-3EAB-57A9-02DD-B9B1AADC6DE4}.Release|Any CPU.ActiveCfg = Release|Any CPU
		{CB494FA5-3EAB-57A9-02DD-B9B1AADC6DE4}.Release|Any CPU.Build.0 = Release|Any CPU
		{E9352E69-BF95-1460-625F-E0F40CF13F59}.Debug|Any CPU.ActiveCfg = Debug|Any CPU
		{E9352E69-BF95-1460-625F-E0F40CF13F59}.Debug|Any CPU.Build.0 = Debug|Any CPU
		{E9352E69-BF95-1460-625F-E0F40CF13F59}.Release|Any CPU.ActiveCfg = Release|Any CPU
		{E9352E69-BF95-1460-625F-E0F40CF13F59}.Release|Any CPU.Build.0 = Release|Any CPU
		{348DB70E-116D-8BEA-903B-A6597258E91C}.Debug|Any CPU.ActiveCfg = Debug|Any CPU
		{348DB70E-116D-8BEA-903B-A6597258E91C}.Debug|Any CPU.Build.0 = Debug|Any CPU
		{348DB70E-116D-8BEA-903B-A6597258E91C}.Release|Any CPU.ActiveCfg = Release|Any CPU
		{348DB70E-116D-8BEA-903B-A6597258E91C}.Release|Any CPU.Build.0 = Release|Any CPU
		{50E6E0A7-B320-ADAD-A1E7-E466BB9C0F5E}.Debug|Any CPU.ActiveCfg = Debug|Any CPU
		{50E6E0A7-B320-ADAD-A1E7-E466BB9C0F5E}.Debug|Any CPU.Build.0 = Debug|Any CPU
		{50E6E0A7-B320-ADAD-A1E7-E466BB9C0F5E}.Release|Any CPU.ActiveCfg = Release|Any CPU
		{50E6E0A7-B320-ADAD-A1E7-E466BB9C0F5E}.Release|Any CPU.Build.0 = Release|Any CPU
		{36F52595-9A08-DCC9-1C66-24443DF4690A}.Debug|Any CPU.ActiveCfg = Debug|Any CPU
		{36F52595-9A08-DCC9-1C66-24443DF4690A}.Debug|Any CPU.Build.0 = Debug|Any CPU
		{36F52595-9A08-DCC9-1C66-24443DF4690A}.Release|Any CPU.ActiveCfg = Release|Any CPU
		{36F52595-9A08-DCC9-1C66-24443DF4690A}.Release|Any CPU.Build.0 = Release|Any CPU
		{80D7E86D-3533-262C-5590-338714EFC2D8}.Debug|Any CPU.ActiveCfg = Debug|Any CPU
		{80D7E86D-3533-262C-5590-338714EFC2D8}.Debug|Any CPU.Build.0 = Debug|Any CPU
		{80D7E86D-3533-262C-5590-338714EFC2D8}.Release|Any CPU.ActiveCfg = Release|Any CPU
		{80D7E86D-3533-262C-5590-338714EFC2D8}.Release|Any CPU.Build.0 = Release|Any CPU
		{ADD4E5EE-28EA-0428-4A3D-D3F3088F0977}.Debug|Any CPU.ActiveCfg = Debug|Any CPU
		{ADD4E5EE-28EA-0428-4A3D-D3F3088F0977}.Debug|Any CPU.Build.0 = Debug|Any CPU
		{ADD4E5EE-28EA-0428-4A3D-D3F3088F0977}.Release|Any CPU.ActiveCfg = Release|Any CPU
		{ADD4E5EE-28EA-0428-4A3D-D3F3088F0977}.Release|Any CPU.Build.0 = Release|Any CPU
		{E27C6D47-70F3-B2D1-BAA6-26C7BDE858E6}.Debug|Any CPU.ActiveCfg = Debug|Any CPU
		{E27C6D47-70F3-B2D1-BAA6-26C7BDE858E6}.Debug|Any CPU.Build.0 = Debug|Any CPU
		{E27C6D47-70F3-B2D1-BAA6-26C7BDE858E6}.Release|Any CPU.ActiveCfg = Release|Any CPU
		{E27C6D47-70F3-B2D1-BAA6-26C7BDE858E6}.Release|Any CPU.Build.0 = Release|Any CPU
		{3893B3A4-B83A-9D5E-3EC8-0EA99D742201}.Debug|Any CPU.ActiveCfg = Debug|Any CPU
		{3893B3A4-B83A-9D5E-3EC8-0EA99D742201}.Debug|Any CPU.Build.0 = Debug|Any CPU
		{3893B3A4-B83A-9D5E-3EC8-0EA99D742201}.Release|Any CPU.ActiveCfg = Release|Any CPU
		{3893B3A4-B83A-9D5E-3EC8-0EA99D742201}.Release|Any CPU.Build.0 = Release|Any CPU
		{1FD56AB2-9A4C-B4D7-C05E-9BBB4BD024D8}.Debug|Any CPU.ActiveCfg = Debug|Any CPU
		{1FD56AB2-9A4C-B4D7-C05E-9BBB4BD024D8}.Debug|Any CPU.Build.0 = Debug|Any CPU
		{1FD56AB2-9A4C-B4D7-C05E-9BBB4BD024D8}.Release|Any CPU.ActiveCfg = Release|Any CPU
		{1FD56AB2-9A4C-B4D7-C05E-9BBB4BD024D8}.Release|Any CPU.Build.0 = Release|Any CPU
		{8D445E8D-A669-D80E-FA77-18BB77447535}.Debug|Any CPU.ActiveCfg = Debug|Any CPU
		{8D445E8D-A669-D80E-FA77-18BB77447535}.Debug|Any CPU.Build.0 = Debug|Any CPU
		{8D445E8D-A669-D80E-FA77-18BB77447535}.Release|Any CPU.ActiveCfg = Release|Any CPU
		{8D445E8D-A669-D80E-FA77-18BB77447535}.Release|Any CPU.Build.0 = Release|Any CPU
		{BAF00945-F901-DC3F-9BAF-18A0B027B7F8}.Debug|Any CPU.ActiveCfg = Debug|Any CPU
		{BAF00945-F901-DC3F-9BAF-18A0B027B7F8}.Debug|Any CPU.Build.0 = Debug|Any CPU
		{BAF00945-F901-DC3F-9BAF-18A0B027B7F8}.Release|Any CPU.ActiveCfg = Release|Any CPU
		{BAF00945-F901-DC3F-9BAF-18A0B027B7F8}.Release|Any CPU.Build.0 = Release|Any CPU
		{18D78648-57E8-991A-DC70-F77C31C530C9}.Debug|Any CPU.ActiveCfg = Debug|Any CPU
		{18D78648-57E8-991A-DC70-F77C31C530C9}.Debug|Any CPU.Build.0 = Debug|Any CPU
		{18D78648-57E8-991A-DC70-F77C31C530C9}.Release|Any CPU.ActiveCfg = Release|Any CPU
		{18D78648-57E8-991A-DC70-F77C31C530C9}.Release|Any CPU.Build.0 = Release|Any CPU
		{78E232AF-9769-966B-0758-D753813252A0}.Debug|Any CPU.ActiveCfg = Debug|Any CPU
		{78E232AF-9769-966B-0758-D753813252A0}.Debug|Any CPU.Build.0 = Debug|Any CPU
		{78E232AF-9769-966B-0758-D753813252A0}.Release|Any CPU.ActiveCfg = Release|Any CPU
		{78E232AF-9769-966B-0758-D753813252A0}.Release|Any CPU.Build.0 = Release|Any CPU
		{B484BADA-347A-5286-B6F5-D47C9CEFBEF2}.Debug|Any CPU.ActiveCfg = Debug|Any CPU
		{B484BADA-347A-5286-B6F5-D47C9CEFBEF2}.Debug|Any CPU.Build.0 = Debug|Any CPU
		{B484BADA-347A-5286-B6F5-D47C9CEFBEF2}.Release|Any CPU.ActiveCfg = Release|Any CPU
		{B484BADA-347A-5286-B6F5-D47C9CEFBEF2}.Release|Any CPU.Build.0 = Release|Any CPU
		{F12E94FE-AD37-8133-C5A9-369961BCF708}.Debug|Any CPU.ActiveCfg = Debug|Any CPU
		{F12E94FE-AD37-8133-C5A9-369961BCF708}.Debug|Any CPU.Build.0 = Debug|Any CPU
		{F12E94FE-AD37-8133-C5A9-369961BCF708}.Release|Any CPU.ActiveCfg = Release|Any CPU
		{F12E94FE-AD37-8133-C5A9-369961BCF708}.Release|Any CPU.Build.0 = Release|Any CPU
		{D84D6F7F-6220-DC48-3B7F-A023F0F21BC2}.Debug|Any CPU.ActiveCfg = Debug|Any CPU
		{D84D6F7F-6220-DC48-3B7F-A023F0F21BC2}.Debug|Any CPU.Build.0 = Debug|Any CPU
		{D84D6F7F-6220-DC48-3B7F-A023F0F21BC2}.Release|Any CPU.ActiveCfg = Release|Any CPU
		{D84D6F7F-6220-DC48-3B7F-A023F0F21BC2}.Release|Any CPU.Build.0 = Release|Any CPU
		{FB41B0EC-CD44-F788-D78B-FB596ED5A9EE}.Debug|Any CPU.ActiveCfg = Debug|Any CPU
		{FB41B0EC-CD44-F788-D78B-FB596ED5A9EE}.Debug|Any CPU.Build.0 = Debug|Any CPU
		{FB41B0EC-CD44-F788-D78B-FB596ED5A9EE}.Release|Any CPU.ActiveCfg = Release|Any CPU
		{FB41B0EC-CD44-F788-D78B-FB596ED5A9EE}.Release|Any CPU.Build.0 = Release|Any CPU
		{B106724C-2572-C5A9-20C3-2F16EDBF7831}.Debug|Any CPU.ActiveCfg = Debug|Any CPU
		{B106724C-2572-C5A9-20C3-2F16EDBF7831}.Debug|Any CPU.Build.0 = Debug|Any CPU
		{B106724C-2572-C5A9-20C3-2F16EDBF7831}.Release|Any CPU.ActiveCfg = Release|Any CPU
		{B106724C-2572-C5A9-20C3-2F16EDBF7831}.Release|Any CPU.Build.0 = Release|Any CPU
		{EF7E3A7A-3CF3-B584-AB5C-8F71263BF541}.Debug|Any CPU.ActiveCfg = Debug|Any CPU
		{EF7E3A7A-3CF3-B584-AB5C-8F71263BF541}.Debug|Any CPU.Build.0 = Debug|Any CPU
		{EF7E3A7A-3CF3-B584-AB5C-8F71263BF541}.Release|Any CPU.ActiveCfg = Release|Any CPU
		{EF7E3A7A-3CF3-B584-AB5C-8F71263BF541}.Release|Any CPU.Build.0 = Release|Any CPU
		{355D9C4A-1CD9-77AD-8305-29426C7BDB75}.Debug|Any CPU.ActiveCfg = Debug|Any CPU
		{355D9C4A-1CD9-77AD-8305-29426C7BDB75}.Debug|Any CPU.Build.0 = Debug|Any CPU
		{355D9C4A-1CD9-77AD-8305-29426C7BDB75}.Release|Any CPU.ActiveCfg = Release|Any CPU
		{355D9C4A-1CD9-77AD-8305-29426C7BDB75}.Release|Any CPU.Build.0 = Release|Any CPU
		{D38EDCAC-056E-5E20-F4F0-55CC7C017120}.Debug|Any CPU.ActiveCfg = Debug|Any CPU
		{D38EDCAC-056E-5E20-F4F0-55CC7C017120}.Debug|Any CPU.Build.0 = Debug|Any CPU
		{D38EDCAC-056E-5E20-F4F0-55CC7C017120}.Release|Any CPU.ActiveCfg = Release|Any CPU
		{D38EDCAC-056E-5E20-F4F0-55CC7C017120}.Release|Any CPU.Build.0 = Release|Any CPU
		{2D585D6C-F550-7591-E1CA-C486A0991234}.Debug|Any CPU.ActiveCfg = Debug|Any CPU
		{2D585D6C-F550-7591-E1CA-C486A0991234}.Debug|Any CPU.Build.0 = Debug|Any CPU
		{2D585D6C-F550-7591-E1CA-C486A0991234}.Release|Any CPU.ActiveCfg = Release|Any CPU
		{2D585D6C-F550-7591-E1CA-C486A0991234}.Release|Any CPU.Build.0 = Release|Any CPU
		{640B01C8-063B-7210-FE28-032401D9CFEF}.Debug|Any CPU.ActiveCfg = Debug|Any CPU
		{640B01C8-063B-7210-FE28-032401D9CFEF}.Debug|Any CPU.Build.0 = Debug|Any CPU
		{640B01C8-063B-7210-FE28-032401D9CFEF}.Release|Any CPU.ActiveCfg = Release|Any CPU
		{640B01C8-063B-7210-FE28-032401D9CFEF}.Release|Any CPU.Build.0 = Release|Any CPU
		{890D1493-9A33-9F4F-38CC-4101A3DD822B}.Debug|Any CPU.ActiveCfg = Debug|Any CPU
		{890D1493-9A33-9F4F-38CC-4101A3DD822B}.Debug|Any CPU.Build.0 = Debug|Any CPU
		{890D1493-9A33-9F4F-38CC-4101A3DD822B}.Release|Any CPU.ActiveCfg = Release|Any CPU
		{890D1493-9A33-9F4F-38CC-4101A3DD822B}.Release|Any CPU.Build.0 = Release|Any CPU
		{AD174BC1-008F-6F0B-36E6-82894DF5A981}.Debug|Any CPU.ActiveCfg = Debug|Any CPU
		{AD174BC1-008F-6F0B-36E6-82894DF5A981}.Debug|Any CPU.Build.0 = Debug|Any CPU
		{AD174BC1-008F-6F0B-36E6-82894DF5A981}.Release|Any CPU.ActiveCfg = Release|Any CPU
		{AD174BC1-008F-6F0B-36E6-82894DF5A981}.Release|Any CPU.Build.0 = Release|Any CPU
		{BF8990EA-5B64-81BB-D7BA-55ADE355AC56}.Debug|Any CPU.ActiveCfg = Debug|Any CPU
		{BF8990EA-5B64-81BB-D7BA-55ADE355AC56}.Debug|Any CPU.Build.0 = Debug|Any CPU
		{BF8990EA-5B64-81BB-D7BA-55ADE355AC56}.Release|Any CPU.ActiveCfg = Release|Any CPU
		{BF8990EA-5B64-81BB-D7BA-55ADE355AC56}.Release|Any CPU.Build.0 = Release|Any CPU
		{15EAF3C6-5BDB-F293-BD41-6EDE30D3937F}.Debug|Any CPU.ActiveCfg = Debug|Any CPU
		{15EAF3C6-5BDB-F293-BD41-6EDE30D3937F}.Debug|Any CPU.Build.0 = Debug|Any CPU
		{15EAF3C6-5BDB-F293-BD41-6EDE30D3937F}.Release|Any CPU.ActiveCfg = Release|Any CPU
		{15EAF3C6-5BDB-F293-BD41-6EDE30D3937F}.Release|Any CPU.Build.0 = Release|Any CPU
		{DA56B7A5-6B14-C3AB-6BF9-87E4EC01A18C}.Debug|Any CPU.ActiveCfg = Debug|Any CPU
		{DA56B7A5-6B14-C3AB-6BF9-87E4EC01A18C}.Debug|Any CPU.Build.0 = Debug|Any CPU
		{DA56B7A5-6B14-C3AB-6BF9-87E4EC01A18C}.Release|Any CPU.ActiveCfg = Release|Any CPU
		{DA56B7A5-6B14-C3AB-6BF9-87E4EC01A18C}.Release|Any CPU.Build.0 = Release|Any CPU
		{D627CA1D-52E8-6559-66FE-AC41E9AE23C2}.Debug|Any CPU.ActiveCfg = Debug|Any CPU
		{D627CA1D-52E8-6559-66FE-AC41E9AE23C2}.Debug|Any CPU.Build.0 = Debug|Any CPU
		{D627CA1D-52E8-6559-66FE-AC41E9AE23C2}.Release|Any CPU.ActiveCfg = Release|Any CPU
		{D627CA1D-52E8-6559-66FE-AC41E9AE23C2}.Release|Any CPU.Build.0 = Release|Any CPU
		{19459D8B-67A6-1C15-A7A7-F0CCCFC102F5}.Debug|Any CPU.ActiveCfg = Debug|Any CPU
		{19459D8B-67A6-1C15-A7A7-F0CCCFC102F5}.Debug|Any CPU.Build.0 = Debug|Any CPU
		{19459D8B-67A6-1C15-A7A7-F0CCCFC102F5}.Release|Any CPU.ActiveCfg = Release|Any CPU
		{19459D8B-67A6-1C15-A7A7-F0CCCFC102F5}.Release|Any CPU.Build.0 = Release|Any CPU
		{185663CD-A949-9676-BC68-FBA55DD53C44}.Debug|Any CPU.ActiveCfg = Debug|Any CPU
		{185663CD-A949-9676-BC68-FBA55DD53C44}.Debug|Any CPU.Build.0 = Debug|Any CPU
		{185663CD-A949-9676-BC68-FBA55DD53C44}.Release|Any CPU.ActiveCfg = Release|Any CPU
		{185663CD-A949-9676-BC68-FBA55DD53C44}.Release|Any CPU.Build.0 = Release|Any CPU
		{DE49D3E7-5AE4-E782-E765-F18984BBC1CB}.Debug|Any CPU.ActiveCfg = Debug|Any CPU
		{DE49D3E7-5AE4-E782-E765-F18984BBC1CB}.Debug|Any CPU.Build.0 = Debug|Any CPU
		{DE49D3E7-5AE4-E782-E765-F18984BBC1CB}.Release|Any CPU.ActiveCfg = Release|Any CPU
		{DE49D3E7-5AE4-E782-E765-F18984BBC1CB}.Release|Any CPU.Build.0 = Release|Any CPU
		{834D7E47-4FD8-66B1-2D5E-B3D48054084A}.Debug|Any CPU.ActiveCfg = Debug|Any CPU
		{834D7E47-4FD8-66B1-2D5E-B3D48054084A}.Debug|Any CPU.Build.0 = Debug|Any CPU
		{834D7E47-4FD8-66B1-2D5E-B3D48054084A}.Release|Any CPU.ActiveCfg = Release|Any CPU
		{834D7E47-4FD8-66B1-2D5E-B3D48054084A}.Release|Any CPU.Build.0 = Release|Any CPU
		{6A715659-023A-A93E-E2AB-D8BC6CA06322}.Debug|Any CPU.ActiveCfg = Debug|Any CPU
		{6A715659-023A-A93E-E2AB-D8BC6CA06322}.Debug|Any CPU.Build.0 = Debug|Any CPU
		{6A715659-023A-A93E-E2AB-D8BC6CA06322}.Release|Any CPU.ActiveCfg = Release|Any CPU
		{6A715659-023A-A93E-E2AB-D8BC6CA06322}.Release|Any CPU.Build.0 = Release|Any CPU
		{03CB1565-22A3-38CE-7C4E-195273E20119}.Debug|Any CPU.ActiveCfg = Debug|Any CPU
		{03CB1565-22A3-38CE-7C4E-195273E20119}.Debug|Any CPU.Build.0 = Debug|Any CPU
		{03CB1565-22A3-38CE-7C4E-195273E20119}.Release|Any CPU.ActiveCfg = Release|Any CPU
		{03CB1565-22A3-38CE-7C4E-195273E20119}.Release|Any CPU.Build.0 = Release|Any CPU
		{FEF82885-CBBA-3E97-4DF2-5374EBD05D33}.Debug|Any CPU.ActiveCfg = Debug|Any CPU
		{FEF82885-CBBA-3E97-4DF2-5374EBD05D33}.Debug|Any CPU.Build.0 = Debug|Any CPU
		{FEF82885-CBBA-3E97-4DF2-5374EBD05D33}.Release|Any CPU.ActiveCfg = Release|Any CPU
		{FEF82885-CBBA-3E97-4DF2-5374EBD05D33}.Release|Any CPU.Build.0 = Release|Any CPU
		{9CE274A2-022F-927A-B35B-F20F6E475E67}.Debug|Any CPU.ActiveCfg = Debug|Any CPU
		{9CE274A2-022F-927A-B35B-F20F6E475E67}.Debug|Any CPU.Build.0 = Debug|Any CPU
		{9CE274A2-022F-927A-B35B-F20F6E475E67}.Release|Any CPU.ActiveCfg = Release|Any CPU
		{9CE274A2-022F-927A-B35B-F20F6E475E67}.Release|Any CPU.Build.0 = Release|Any CPU
		{3A76FF97-75E0-9A8D-E406-00F8A8EE5E18}.Debug|Any CPU.ActiveCfg = Debug|Any CPU
		{3A76FF97-75E0-9A8D-E406-00F8A8EE5E18}.Debug|Any CPU.Build.0 = Debug|Any CPU
		{3A76FF97-75E0-9A8D-E406-00F8A8EE5E18}.Release|Any CPU.ActiveCfg = Release|Any CPU
		{3A76FF97-75E0-9A8D-E406-00F8A8EE5E18}.Release|Any CPU.Build.0 = Release|Any CPU
		{34103714-5C6C-0B98-02FD-F4F0F0717B0A}.Debug|Any CPU.ActiveCfg = Debug|Any CPU
		{34103714-5C6C-0B98-02FD-F4F0F0717B0A}.Debug|Any CPU.Build.0 = Debug|Any CPU
		{34103714-5C6C-0B98-02FD-F4F0F0717B0A}.Release|Any CPU.ActiveCfg = Release|Any CPU
		{34103714-5C6C-0B98-02FD-F4F0F0717B0A}.Release|Any CPU.Build.0 = Release|Any CPU
	EndGlobalSection
	GlobalSection(SolutionProperties) = preSolution
		HideSolutionNode = FALSE
	EndGlobalSection
EndGlobal
