
Microsoft Visual Studio Solution File, Format Version 12.00
# Visual Studio 15
Project("{FAE04EC0-301F-11D3-BF4B-00C04F79EFBC}") = "Oculus.Interaction.Editor", "Oculus.Interaction.Editor.csproj", "{6D8D45E4-9EA6-E759-6CB9-BC9F52C76356}"
EndProject
Project("{FAE04EC0-301F-11D3-BF4B-00C04F79EFBC}") = "Meta.WitAi.Conduit", "Meta.WitAi.Conduit.csproj", "{727C3147-4A86-E0B1-03E9-9918022B61E8}"
EndProject
Project("{FAE04EC0-301F-11D3-BF4B-00C04F79EFBC}") = "Oculus.VR", "Oculus.VR.csproj", "{5EFAAF26-1E51-CE56-0ED9-6EBCEB56EA02}"
EndProject
Project("{FAE04EC0-301F-11D3-BF4B-00C04F79EFBC}") = "Oculus.Interaction", "Oculus.Interaction.csproj", "{37A24AE3-2443-B3FF-E080-F6644F3D106E}"
EndProject
Project("{FAE04EC0-301F-11D3-BF4B-00C04F79EFBC}") = "Oculus.Voice.Demo", "Oculus.Voice.Demo.csproj", "{6EB8A8C1-778A-C6AA-8BA7-0F356B4FFB22}"
EndProject
Project("{FAE04EC0-301F-11D3-BF4B-00C04F79EFBC}") = "Meta.WitAi.Editor", "Meta.WitAi.Editor.csproj", "{E3F32034-7B3B-E83C-ADA6-0D2AA2A195AD}"
EndProject
Project("{FAE04EC0-301F-11D3-BF4B-00C04F79EFBC}") = "Oculus.Platform", "Oculus.Platform.csproj", "{31F66808-1851-D7DB-BAAC-C45D44FC3A67}"
EndProject
Project("{FAE04EC0-301F-11D3-BF4B-00C04F79EFBC}") = "Meta.WitAi.Conduit.Editor", "Meta.WitAi.Conduit.Editor.csproj", "{0D9DD090-98E0-E986-3AF9-E0B1AD400901}"
EndProject
Project("{FAE04EC0-301F-11D3-BF4B-00C04F79EFBC}") = "Meta.WitAi", "Meta.WitAi.csproj", "{63881B05-44AF-FDB6-9587-93ED31BA438D}"
EndProject
Project("{FAE04EC0-301F-11D3-BF4B-00C04F79EFBC}") = "Oculus.Interaction.OVR.Samples", "Oculus.Interaction.OVR.Samples.csproj", "{26AD8270-BBFF-29B8-95E7-CA6D3F7AE1B6}"
EndProject
Project("{FAE04EC0-301F-11D3-BF4B-00C04F79EFBC}") = "Assembly-CSharp", "Assembly-CSharp.csproj", "{CBFC1CF9-D31C-CE2D-5AAF-DF326EE1D914}"
EndProject
Project("{FAE04EC0-301F-11D3-BF4B-00C04F79EFBC}") = "Meta.WitAi.Lib", "Meta.WitAi.Lib.csproj", "{C2BFC6E9-F001-EA0A-B7B0-D4314615BD8F}"
EndProject
Project("{FAE04EC0-301F-11D3-BF4B-00C04F79EFBC}") = "Oculus.VR.Editor", "Oculus.VR.Editor.csproj", "{ED1C3156-F2C1-A644-25E6-9F69AD3345E4}"
EndProject
Project("{FAE04EC0-301F-11D3-BF4B-00C04F79EFBC}") = "Meta.Voice.Hub.Runtime", "Meta.Voice.Hub.Runtime.csproj", "{70AE551B-4040-9CF2-E977-E42E7DF041C1}"
EndProject
Project("{FAE04EC0-301F-11D3-BF4B-00C04F79EFBC}") = "VoiceSDK.Dictation.Runtime", "VoiceSDK.Dictation.Runtime.csproj", "{648A29DC-3068-2184-E5B4-E48FCFE679B4}"
EndProject
Project("{FAE04EC0-301F-11D3-BF4B-00C04F79EFBC}") = "Oculus.LipSync", "Oculus.LipSync.csproj", "{91D20EDC-C1E5-9ED1-67CA-286091CCD614}"
EndProject
Project("{FAE04EC0-301F-11D3-BF4B-00C04F79EFBC}") = "Oculus.Interaction.OVR", "Oculus.Interaction.OVR.csproj", "{012B620A-0498-27A8-87A1-23C6AC1D7506}"
EndProject
Project("{FAE04EC0-301F-11D3-BF4B-00C04F79EFBC}") = "Meta.WitAi.TTS.Samples", "Meta.WitAi.TTS.Samples.csproj", "{A1BC4B63-B9C1-4073-EFBC-D2790A789215}"
EndProject
Project("{FAE04EC0-301F-11D3-BF4B-00C04F79EFBC}") = "Meta.Voice.Hub.Editor", "Meta.Voice.Hub.Editor.csproj", "{5504F8D7-9EE5-5842-4BE8-A90E7767D543}"
EndProject
Project("{FAE04EC0-301F-11D3-BF4B-00C04F79EFBC}") = "VoiceSDK.Editor", "VoiceSDK.Editor.csproj", "{FAA2D592-C828-D967-2C26-E0CE28A8E3D4}"
EndProject
Project("{FAE04EC0-301F-11D3-BF4B-00C04F79EFBC}") = "Meta.WitAI.Lib.Editor", "Meta.WitAI.Lib.Editor.csproj", "{3E138080-9FBD-C873-1BF3-E7C26CD60188}"
EndProject
Project("{FAE04EC0-301F-11D3-BF4B-00C04F79EFBC}") = "Oculus.Spatializer.Editor", "Oculus.Spatializer.Editor.csproj", "{90600453-E1B3-0269-78CA-A6CF9AD9CA49}"
EndProject
Project("{FAE04EC0-301F-11D3-BF4B-00C04F79EFBC}") = "Oculus.AudioManager", "Oculus.AudioManager.csproj", "{F7A55C38-F92E-9494-8531-45CE75E8E8E0}"
EndProject
Project("{FAE04EC0-301F-11D3-BF4B-00C04F79EFBC}") = "AssistantCoreSDKRuntime", "AssistantCoreSDKRuntime.csproj", "{CB057F92-5EC4-C5CF-0C9B-67B8196DF72F}"
EndProject
Project("{FAE04EC0-301F-11D3-BF4B-00C04F79EFBC}") = "Facebook.Wit.Dictation", "Facebook.Wit.Dictation.csproj", "{67DB48EE-BCD8-AB19-69EB-3B46B20915DF}"
EndProject
Project("{FAE04EC0-301F-11D3-BF4B-00C04F79EFBC}") = "Oculus.Platform.Editor", "Oculus.Platform.Editor.csproj", "{2F3539ED-1104-391B-BD5B-69EF2871B46D}"
EndProject
Project("{FAE04EC0-301F-11D3-BF4B-00C04F79EFBC}") = "VoiceSDK.Runtime", "VoiceSDK.Runtime.csproj", "{0F384722-9BC1-8E22-3AB0-6F9399153B1D}"
EndProject
Project("{FAE04EC0-301F-11D3-BF4B-00C04F79EFBC}") = "Meta.Voice.VSDKHub.Editor", "Meta.Voice.VSDKHub.Editor.csproj", "{0FF53193-349D-1FE7-25C3-01F6780E0B9C}"
EndProject
Project("{FAE04EC0-301F-11D3-BF4B-00C04F79EFBC}") = "Meta.WitAi.TTS", "Meta.WitAi.TTS.csproj", "{F1821422-231B-FD4F-B06D-159A0180DFF5}"
EndProject
Project("{FAE04EC0-301F-11D3-BF4B-00C04F79EFBC}") = "Oculus.AudioManager.Audio.Editor", "Oculus.AudioManager.Audio.Editor.csproj", "{2D292BF3-762A-9DDD-B364-171B2E22614D}"
EndProject
Project("{FAE04EC0-301F-11D3-BF4B-00C04F79EFBC}") = "Assembly-CSharp-Editor", "Assembly-CSharp-Editor.csproj", "{DE220DC4-B00C-8057-3C5B-849CE48FFBF7}"
EndProject
Project("{FAE04EC0-301F-11D3-BF4B-00C04F79EFBC}") = "Oculus.VR.Scripts.Editor", "Oculus.VR.Scripts.Editor.csproj", "{EB19C61C-BACB-B09A-468F-A999C8A3E369}"
EndProject
Project("{FAE04EC0-301F-11D3-BF4B-00C04F79EFBC}") = "Oculus.Interaction.Samples.Editor", "Oculus.Interaction.Samples.Editor.csproj", "{A24BDB37-7D8A-6F31-1198-FF114BA13725}"
EndProject
Project("{FAE04EC0-301F-11D3-BF4B-00C04F79EFBC}") = "Meta.WitAi.TTS.Editor", "Meta.WitAi.TTS.Editor.csproj", "{6A1CBE95-19D9-9249-4F47-27931EFACCFF}"
EndProject
Project("{FAE04EC0-301F-11D3-BF4B-00C04F79EFBC}") = "Oculus.Interaction.OVR.Editor", "Oculus.Interaction.OVR.Editor.csproj", "{3F487A4F-85AC-C64A-8EFF-AE4A536F4BA8}"
EndProject
Project("{FAE04EC0-301F-11D3-BF4B-00C04F79EFBC}") = "Oculus.Spatializer", "Oculus.Spatializer.csproj", "{AD570B95-94D8-C91E-DBA2-9B7EF8A87A01}"
EndProject
Project("{FAE04EC0-301F-11D3-BF4B-00C04F79EFBC}") = "Oculus.LipSync.Editor", "Oculus.LipSync.Editor.csproj", "{D4A35D17-CC3F-6952-0A9B-1089539D7FBB}"
EndProject
Project("{FAE04EC0-301F-11D3-BF4B-00C04F79EFBC}") = "Oculus.AudioManager.Utils.Editor", "Oculus.AudioManager.Utils.Editor.csproj", "{1657903F-D12A-8F5D-740C-BD96AF9DAFC6}"
EndProject
Project("{FAE04EC0-301F-11D3-BF4B-00C04F79EFBC}") = "Meta.VoiceSDK.Mic.Common", "Meta.VoiceSDK.Mic.Common.csproj", "{3CB7B5A4-6AB9-6AE8-0FE2-93109818C4D5}"
EndProject
Project("{FAE04EC0-301F-11D3-BF4B-00C04F79EFBC}") = "VoiceSDK.Dictation.Editor", "VoiceSDK.Dictation.Editor.csproj", "{DC1657AA-4E5B-EFAF-E770-5F31C8B3689E}"
EndProject
Project("{FAE04EC0-301F-11D3-BF4B-00C04F79EFBC}") = "Meta.VoiceSDK.Mic.Other", "Meta.VoiceSDK.Mic.Other.csproj", "{2B750FF6-1D9B-9F3D-E774-DB81C4442536}"
EndProject
Project("{FAE04EC0-301F-11D3-BF4B-00C04F79EFBC}") = "AssistantCoreSDKEditor", "AssistantCoreSDKEditor.csproj", "{F3DE29B3-1644-A697-1F13-E06C64636483}"
EndProject
Project("{FAE04EC0-301F-11D3-BF4B-00C04F79EFBC}") = "Oculus.Interaction.InterfaceSupport", "Oculus.Interaction.InterfaceSupport.csproj", "{04B07717-6BCF-6F75-E629-3586BAF717B5}"
EndProject
Project("{FAE04EC0-301F-11D3-BF4B-00C04F79EFBC}") = "Facebook.Wit.Dictation.Editor", "Facebook.Wit.Dictation.Editor.csproj", "{45CC1C46-AD56-F8C2-D626-B6A7583A7E8B}"
EndProject
Project("{FAE04EC0-301F-11D3-BF4B-00C04F79EFBC}") = "Meta.VoiceSDK.Mic.WebGL", "Meta.VoiceSDK.Mic.WebGL.csproj", "{15ACEB02-CA8D-637A-31D6-2AA5F0DA140F}"
EndProject
Global
	GlobalSection(SolutionConfigurationPlatforms) = preSolution
		Debug|Any CPU = Debug|Any CPU
		Release|Any CPU = Release|Any CPU
	EndGlobalSection
	GlobalSection(ProjectConfigurationPlatforms) = postSolution
		{6D8D45E4-9EA6-E759-6CB9-BC9F52C76356}.Debug|Any CPU.ActiveCfg = Debug|Any CPU
		{6D8D45E4-9EA6-E759-6CB9-BC9F52C76356}.Debug|Any CPU.Build.0 = Debug|Any CPU
		{6D8D45E4-9EA6-E759-6CB9-BC9F52C76356}.Release|Any CPU.ActiveCfg = Release|Any CPU
		{6D8D45E4-9EA6-E759-6CB9-BC9F52C76356}.Release|Any CPU.Build.0 = Release|Any CPU
		{727C3147-4A86-E0B1-03E9-9918022B61E8}.Debug|Any CPU.ActiveCfg = Debug|Any CPU
		{727C3147-4A86-E0B1-03E9-9918022B61E8}.Debug|Any CPU.Build.0 = Debug|Any CPU
		{727C3147-4A86-E0B1-03E9-9918022B61E8}.Release|Any CPU.ActiveCfg = Release|Any CPU
		{727C3147-4A86-E0B1-03E9-9918022B61E8}.Release|Any CPU.Build.0 = Release|Any CPU
		{5EFAAF26-1E51-CE56-0ED9-6EBCEB56EA02}.Debug|Any CPU.ActiveCfg = Debug|Any CPU
		{5EFAAF26-1E51-CE56-0ED9-6EBCEB56EA02}.Debug|Any CPU.Build.0 = Debug|Any CPU
		{5EFAAF26-1E51-CE56-0ED9-6EBCEB56EA02}.Release|Any CPU.ActiveCfg = Release|Any CPU
		{5EFAAF26-1E51-CE56-0ED9-6EBCEB56EA02}.Release|Any CPU.Build.0 = Release|Any CPU
		{37A24AE3-2443-B3FF-E080-F6644F3D106E}.Debug|Any CPU.ActiveCfg = Debug|Any CPU
		{37A24AE3-2443-B3FF-E080-F6644F3D106E}.Debug|Any CPU.Build.0 = Debug|Any CPU
		{37A24AE3-2443-B3FF-E080-F6644F3D106E}.Release|Any CPU.ActiveCfg = Release|Any CPU
		{37A24AE3-2443-B3FF-E080-F6644F3D106E}.Release|Any CPU.Build.0 = Release|Any CPU
		{6EB8A8C1-778A-C6AA-8BA7-0F356B4FFB22}.Debug|Any CPU.ActiveCfg = Debug|Any CPU
		{6EB8A8C1-778A-C6AA-8BA7-0F356B4FFB22}.Debug|Any CPU.Build.0 = Debug|Any CPU
		{6EB8A8C1-778A-C6AA-8BA7-0F356B4FFB22}.Release|Any CPU.ActiveCfg = Release|Any CPU
		{6EB8A8C1-778A-C6AA-8BA7-0F356B4FFB22}.Release|Any CPU.Build.0 = Release|Any CPU
		{E3F32034-7B3B-E83C-ADA6-0D2AA2A195AD}.Debug|Any CPU.ActiveCfg = Debug|Any CPU
		{E3F32034-7B3B-E83C-ADA6-0D2AA2A195AD}.Debug|Any CPU.Build.0 = Debug|Any CPU
		{E3F32034-7B3B-E83C-ADA6-0D2AA2A195AD}.Release|Any CPU.ActiveCfg = Release|Any CPU
		{E3F32034-7B3B-E83C-ADA6-0D2AA2A195AD}.Release|Any CPU.Build.0 = Release|Any CPU
		{31F66808-1851-D7DB-BAAC-C45D44FC3A67}.Debug|Any CPU.ActiveCfg = Debug|Any CPU
		{31F66808-1851-D7DB-BAAC-C45D44FC3A67}.Debug|Any CPU.Build.0 = Debug|Any CPU
		{31F66808-1851-D7DB-BAAC-C45D44FC3A67}.Release|Any CPU.ActiveCfg = Release|Any CPU
		{31F66808-1851-D7DB-BAAC-C45D44FC3A67}.Release|Any CPU.Build.0 = Release|Any CPU
		{0D9DD090-98E0-E986-3AF9-E0B1AD400901}.Debug|Any CPU.ActiveCfg = Debug|Any CPU
		{0D9DD090-98E0-E986-3AF9-E0B1AD400901}.Debug|Any CPU.Build.0 = Debug|Any CPU
		{0D9DD090-98E0-E986-3AF9-E0B1AD400901}.Release|Any CPU.ActiveCfg = Release|Any CPU
		{0D9DD090-98E0-E986-3AF9-E0B1AD400901}.Release|Any CPU.Build.0 = Release|Any CPU
		{63881B05-44AF-FDB6-9587-93ED31BA438D}.Debug|Any CPU.ActiveCfg = Debug|Any CPU
		{63881B05-44AF-FDB6-9587-93ED31BA438D}.Debug|Any CPU.Build.0 = Debug|Any CPU
		{63881B05-44AF-FDB6-9587-93ED31BA438D}.Release|Any CPU.ActiveCfg = Release|Any CPU
		{63881B05-44AF-FDB6-9587-93ED31BA438D}.Release|Any CPU.Build.0 = Release|Any CPU
		{26AD8270-BBFF-29B8-95E7-CA6D3F7AE1B6}.Debug|Any CPU.ActiveCfg = Debug|Any CPU
		{26AD8270-BBFF-29B8-95E7-CA6D3F7AE1B6}.Debug|Any CPU.Build.0 = Debug|Any CPU
		{26AD8270-BBFF-29B8-95E7-CA6D3F7AE1B6}.Release|Any CPU.ActiveCfg = Release|Any CPU
		{26AD8270-BBFF-29B8-95E7-CA6D3F7AE1B6}.Release|Any CPU.Build.0 = Release|Any CPU
		{CBFC1CF9-D31C-CE2D-5AAF-DF326EE1D914}.Debug|Any CPU.ActiveCfg = Debug|Any CPU
		{CBFC1CF9-D31C-CE2D-5AAF-DF326EE1D914}.Debug|Any CPU.Build.0 = Debug|Any CPU
		{CBFC1CF9-D31C-CE2D-5AAF-DF326EE1D914}.Release|Any CPU.ActiveCfg = Release|Any CPU
		{CBFC1CF9-D31C-CE2D-5AAF-DF326EE1D914}.Release|Any CPU.Build.0 = Release|Any CPU
		{C2BFC6E9-F001-EA0A-B7B0-D4314615BD8F}.Debug|Any CPU.ActiveCfg = Debug|Any CPU
		{C2BFC6E9-F001-EA0A-B7B0-D4314615BD8F}.Debug|Any CPU.Build.0 = Debug|Any CPU
		{C2BFC6E9-F001-EA0A-B7B0-D4314615BD8F}.Release|Any CPU.ActiveCfg = Release|Any CPU
		{C2BFC6E9-F001-EA0A-B7B0-D4314615BD8F}.Release|Any CPU.Build.0 = Release|Any CPU
		{ED1C3156-F2C1-A644-25E6-9F69AD3345E4}.Debug|Any CPU.ActiveCfg = Debug|Any CPU
		{ED1C3156-F2C1-A644-25E6-9F69AD3345E4}.Debug|Any CPU.Build.0 = Debug|Any CPU
		{ED1C3156-F2C1-A644-25E6-9F69AD3345E4}.Release|Any CPU.ActiveCfg = Release|Any CPU
		{ED1C3156-F2C1-A644-25E6-9F69AD3345E4}.Release|Any CPU.Build.0 = Release|Any CPU
		{70AE551B-4040-9CF2-E977-E42E7DF041C1}.Debug|Any CPU.ActiveCfg = Debug|Any CPU
		{70AE551B-4040-9CF2-E977-E42E7DF041C1}.Debug|Any CPU.Build.0 = Debug|Any CPU
		{70AE551B-4040-9CF2-E977-E42E7DF041C1}.Release|Any CPU.ActiveCfg = Release|Any CPU
		{70AE551B-4040-9CF2-E977-E42E7DF041C1}.Release|Any CPU.Build.0 = Release|Any CPU
		{648A29DC-3068-2184-E5B4-E48FCFE679B4}.Debug|Any CPU.ActiveCfg = Debug|Any CPU
		{648A29DC-3068-2184-E5B4-E48FCFE679B4}.Debug|Any CPU.Build.0 = Debug|Any CPU
		{648A29DC-3068-2184-E5B4-E48FCFE679B4}.Release|Any CPU.ActiveCfg = Release|Any CPU
		{648A29DC-3068-2184-E5B4-E48FCFE679B4}.Release|Any CPU.Build.0 = Release|Any CPU
		{91D20EDC-C1E5-9ED1-67CA-286091CCD614}.Debug|Any CPU.ActiveCfg = Debug|Any CPU
		{91D20EDC-C1E5-9ED1-67CA-286091CCD614}.Debug|Any CPU.Build.0 = Debug|Any CPU
		{91D20EDC-C1E5-9ED1-67CA-286091CCD614}.Release|Any CPU.ActiveCfg = Release|Any CPU
		{91D20EDC-C1E5-9ED1-67CA-286091CCD614}.Release|Any CPU.Build.0 = Release|Any CPU
		{012B620A-0498-27A8-87A1-23C6AC1D7506}.Debug|Any CPU.ActiveCfg = Debug|Any CPU
		{012B620A-0498-27A8-87A1-23C6AC1D7506}.Debug|Any CPU.Build.0 = Debug|Any CPU
		{012B620A-0498-27A8-87A1-23C6AC1D7506}.Release|Any CPU.ActiveCfg = Release|Any CPU
		{012B620A-0498-27A8-87A1-23C6AC1D7506}.Release|Any CPU.Build.0 = Release|Any CPU
		{A1BC4B63-B9C1-4073-EFBC-D2790A789215}.Debug|Any CPU.ActiveCfg = Debug|Any CPU
		{A1BC4B63-B9C1-4073-EFBC-D2790A789215}.Debug|Any CPU.Build.0 = Debug|Any CPU
		{A1BC4B63-B9C1-4073-EFBC-D2790A789215}.Release|Any CPU.ActiveCfg = Release|Any CPU
		{A1BC4B63-B9C1-4073-EFBC-D2790A789215}.Release|Any CPU.Build.0 = Release|Any CPU
		{5504F8D7-9EE5-5842-4BE8-A90E7767D543}.Debug|Any CPU.ActiveCfg = Debug|Any CPU
		{5504F8D7-9EE5-5842-4BE8-A90E7767D543}.Debug|Any CPU.Build.0 = Debug|Any CPU
		{5504F8D7-9EE5-5842-4BE8-A90E7767D543}.Release|Any CPU.ActiveCfg = Release|Any CPU
		{5504F8D7-9EE5-5842-4BE8-A90E7767D543}.Release|Any CPU.Build.0 = Release|Any CPU
		{FAA2D592-C828-D967-2C26-E0CE28A8E3D4}.Debug|Any CPU.ActiveCfg = Debug|Any CPU
		{FAA2D592-C828-D967-2C26-E0CE28A8E3D4}.Debug|Any CPU.Build.0 = Debug|Any CPU
		{FAA2D592-C828-D967-2C26-E0CE28A8E3D4}.Release|Any CPU.ActiveCfg = Release|Any CPU
		{FAA2D592-C828-D967-2C26-E0CE28A8E3D4}.Release|Any CPU.Build.0 = Release|Any CPU
		{3E138080-9FBD-C873-1BF3-E7C26CD60188}.Debug|Any CPU.ActiveCfg = Debug|Any CPU
		{3E138080-9FBD-C873-1BF3-E7C26CD60188}.Debug|Any CPU.Build.0 = Debug|Any CPU
		{3E138080-9FBD-C873-1BF3-E7C26CD60188}.Release|Any CPU.ActiveCfg = Release|Any CPU
		{3E138080-9FBD-C873-1BF3-E7C26CD60188}.Release|Any CPU.Build.0 = Release|Any CPU
		{90600453-E1B3-0269-78CA-A6CF9AD9CA49}.Debug|Any CPU.ActiveCfg = Debug|Any CPU
		{90600453-E1B3-0269-78CA-A6CF9AD9CA49}.Debug|Any CPU.Build.0 = Debug|Any CPU
		{90600453-E1B3-0269-78CA-A6CF9AD9CA49}.Release|Any CPU.ActiveCfg = Release|Any CPU
		{90600453-E1B3-0269-78CA-A6CF9AD9CA49}.Release|Any CPU.Build.0 = Release|Any CPU
		{F7A55C38-F92E-9494-8531-45CE75E8E8E0}.Debug|Any CPU.ActiveCfg = Debug|Any CPU
		{F7A55C38-F92E-9494-8531-45CE75E8E8E0}.Debug|Any CPU.Build.0 = Debug|Any CPU
		{F7A55C38-F92E-9494-8531-45CE75E8E8E0}.Release|Any CPU.ActiveCfg = Release|Any CPU
		{F7A55C38-F92E-9494-8531-45CE75E8E8E0}.Release|Any CPU.Build.0 = Release|Any CPU
		{CB057F92-5EC4-C5CF-0C9B-67B8196DF72F}.Debug|Any CPU.ActiveCfg = Debug|Any CPU
		{CB057F92-5EC4-C5CF-0C9B-67B8196DF72F}.Debug|Any CPU.Build.0 = Debug|Any CPU
		{CB057F92-5EC4-C5CF-0C9B-67B8196DF72F}.Release|Any CPU.ActiveCfg = Release|Any CPU
		{CB057F92-5EC4-C5CF-0C9B-67B8196DF72F}.Release|Any CPU.Build.0 = Release|Any CPU
		{67DB48EE-BCD8-AB19-69EB-3B46B20915DF}.Debug|Any CPU.ActiveCfg = Debug|Any CPU
		{67DB48EE-BCD8-AB19-69EB-3B46B20915DF}.Debug|Any CPU.Build.0 = Debug|Any CPU
		{67DB48EE-BCD8-AB19-69EB-3B46B20915DF}.Release|Any CPU.ActiveCfg = Release|Any CPU
		{67DB48EE-BCD8-AB19-69EB-3B46B20915DF}.Release|Any CPU.Build.0 = Release|Any CPU
		{2F3539ED-1104-391B-BD5B-69EF2871B46D}.Debug|Any CPU.ActiveCfg = Debug|Any CPU
		{2F3539ED-1104-391B-BD5B-69EF2871B46D}.Debug|Any CPU.Build.0 = Debug|Any CPU
		{2F3539ED-1104-391B-BD5B-69EF2871B46D}.Release|Any CPU.ActiveCfg = Release|Any CPU
		{2F3539ED-1104-391B-BD5B-69EF2871B46D}.Release|Any CPU.Build.0 = Release|Any CPU
		{0F384722-9BC1-8E22-3AB0-6F9399153B1D}.Debug|Any CPU.ActiveCfg = Debug|Any CPU
		{0F384722-9BC1-8E22-3AB0-6F9399153B1D}.Debug|Any CPU.Build.0 = Debug|Any CPU
		{0F384722-9BC1-8E22-3AB0-6F9399153B1D}.Release|Any CPU.ActiveCfg = Release|Any CPU
		{0F384722-9BC1-8E22-3AB0-6F9399153B1D}.Release|Any CPU.Build.0 = Release|Any CPU
		{0FF53193-349D-1FE7-25C3-01F6780E0B9C}.Debug|Any CPU.ActiveCfg = Debug|Any CPU
		{0FF53193-349D-1FE7-25C3-01F6780E0B9C}.Debug|Any CPU.Build.0 = Debug|Any CPU
		{0FF53193-349D-1FE7-25C3-01F6780E0B9C}.Release|Any CPU.ActiveCfg = Release|Any CPU
		{0FF53193-349D-1FE7-25C3-01F6780E0B9C}.Release|Any CPU.Build.0 = Release|Any CPU
		{F1821422-231B-FD4F-B06D-159A0180DFF5}.Debug|Any CPU.ActiveCfg = Debug|Any CPU
		{F1821422-231B-FD4F-B06D-159A0180DFF5}.Debug|Any CPU.Build.0 = Debug|Any CPU
		{F1821422-231B-FD4F-B06D-159A0180DFF5}.Release|Any CPU.ActiveCfg = Release|Any CPU
		{F1821422-231B-FD4F-B06D-159A0180DFF5}.Release|Any CPU.Build.0 = Release|Any CPU
		{2D292BF3-762A-9DDD-B364-171B2E22614D}.Debug|Any CPU.ActiveCfg = Debug|Any CPU
		{2D292BF3-762A-9DDD-B364-171B2E22614D}.Debug|Any CPU.Build.0 = Debug|Any CPU
		{2D292BF3-762A-9DDD-B364-171B2E22614D}.Release|Any CPU.ActiveCfg = Release|Any CPU
		{2D292BF3-762A-9DDD-B364-171B2E22614D}.Release|Any CPU.Build.0 = Release|Any CPU
		{DE220DC4-B00C-8057-3C5B-849CE48FFBF7}.Debug|Any CPU.ActiveCfg = Debug|Any CPU
		{DE220DC4-B00C-8057-3C5B-849CE48FFBF7}.Debug|Any CPU.Build.0 = Debug|Any CPU
		{DE220DC4-B00C-8057-3C5B-849CE48FFBF7}.Release|Any CPU.ActiveCfg = Release|Any CPU
		{DE220DC4-B00C-8057-3C5B-849CE48FFBF7}.Release|Any CPU.Build.0 = Release|Any CPU
		{EB19C61C-BACB-B09A-468F-A999C8A3E369}.Debug|Any CPU.ActiveCfg = Debug|Any CPU
		{EB19C61C-BACB-B09A-468F-A999C8A3E369}.Debug|Any CPU.Build.0 = Debug|Any CPU
		{EB19C61C-BACB-B09A-468F-A999C8A3E369}.Release|Any CPU.ActiveCfg = Release|Any CPU
		{EB19C61C-BACB-B09A-468F-A999C8A3E369}.Release|Any CPU.Build.0 = Release|Any CPU
		{A24BDB37-7D8A-6F31-1198-FF114BA13725}.Debug|Any CPU.ActiveCfg = Debug|Any CPU
		{A24BDB37-7D8A-6F31-1198-FF114BA13725}.Debug|Any CPU.Build.0 = Debug|Any CPU
		{A24BDB37-7D8A-6F31-1198-FF114BA13725}.Release|Any CPU.ActiveCfg = Release|Any CPU
		{A24BDB37-7D8A-6F31-1198-FF114BA13725}.Release|Any CPU.Build.0 = Release|Any CPU
		{6A1CBE95-19D9-9249-4F47-27931EFACCFF}.Debug|Any CPU.ActiveCfg = Debug|Any CPU
		{6A1CBE95-19D9-9249-4F47-27931EFACCFF}.Debug|Any CPU.Build.0 = Debug|Any CPU
		{6A1CBE95-19D9-9249-4F47-27931EFACCFF}.Release|Any CPU.ActiveCfg = Release|Any CPU
		{6A1CBE95-19D9-9249-4F47-27931EFACCFF}.Release|Any CPU.Build.0 = Release|Any CPU
		{3F487A4F-85AC-C64A-8EFF-AE4A536F4BA8}.Debug|Any CPU.ActiveCfg = Debug|Any CPU
		{3F487A4F-85AC-C64A-8EFF-AE4A536F4BA8}.Debug|Any CPU.Build.0 = Debug|Any CPU
		{3F487A4F-85AC-C64A-8EFF-AE4A536F4BA8}.Release|Any CPU.ActiveCfg = Release|Any CPU
		{3F487A4F-85AC-C64A-8EFF-AE4A536F4BA8}.Release|Any CPU.Build.0 = Release|Any CPU
		{AD570B95-94D8-C91E-DBA2-9B7EF8A87A01}.Debug|Any CPU.ActiveCfg = Debug|Any CPU
		{AD570B95-94D8-C91E-DBA2-9B7EF8A87A01}.Debug|Any CPU.Build.0 = Debug|Any CPU
		{AD570B95-94D8-C91E-DBA2-9B7EF8A87A01}.Release|Any CPU.ActiveCfg = Release|Any CPU
		{AD570B95-94D8-C91E-DBA2-9B7EF8A87A01}.Release|Any CPU.Build.0 = Release|Any CPU
		{D4A35D17-CC3F-6952-0A9B-1089539D7FBB}.Debug|Any CPU.ActiveCfg = Debug|Any CPU
		{D4A35D17-CC3F-6952-0A9B-1089539D7FBB}.Debug|Any CPU.Build.0 = Debug|Any CPU
		{D4A35D17-CC3F-6952-0A9B-1089539D7FBB}.Release|Any CPU.ActiveCfg = Release|Any CPU
		{D4A35D17-CC3F-6952-0A9B-1089539D7FBB}.Release|Any CPU.Build.0 = Release|Any CPU
		{1657903F-D12A-8F5D-740C-BD96AF9DAFC6}.Debug|Any CPU.ActiveCfg = Debug|Any CPU
		{1657903F-D12A-8F5D-740C-BD96AF9DAFC6}.Debug|Any CPU.Build.0 = Debug|Any CPU
		{1657903F-D12A-8F5D-740C-BD96AF9DAFC6}.Release|Any CPU.ActiveCfg = Release|Any CPU
		{1657903F-D12A-8F5D-740C-BD96AF9DAFC6}.Release|Any CPU.Build.0 = Release|Any CPU
		{3CB7B5A4-6AB9-6AE8-0FE2-93109818C4D5}.Debug|Any CPU.ActiveCfg = Debug|Any CPU
		{3CB7B5A4-6AB9-6AE8-0FE2-93109818C4D5}.Debug|Any CPU.Build.0 = Debug|Any CPU
		{3CB7B5A4-6AB9-6AE8-0FE2-93109818C4D5}.Release|Any CPU.ActiveCfg = Release|Any CPU
		{3CB7B5A4-6AB9-6AE8-0FE2-93109818C4D5}.Release|Any CPU.Build.0 = Release|Any CPU
		{DC1657AA-4E5B-EFAF-E770-5F31C8B3689E}.Debug|Any CPU.ActiveCfg = Debug|Any CPU
		{DC1657AA-4E5B-EFAF-E770-5F31C8B3689E}.Debug|Any CPU.Build.0 = Debug|Any CPU
		{DC1657AA-4E5B-EFAF-E770-5F31C8B3689E}.Release|Any CPU.ActiveCfg = Release|Any CPU
		{DC1657AA-4E5B-EFAF-E770-5F31C8B3689E}.Release|Any CPU.Build.0 = Release|Any CPU
		{2B750FF6-1D9B-9F3D-E774-DB81C4442536}.Debug|Any CPU.ActiveCfg = Debug|Any CPU
		{2B750FF6-1D9B-9F3D-E774-DB81C4442536}.Debug|Any CPU.Build.0 = Debug|Any CPU
		{2B750FF6-1D9B-9F3D-E774-DB81C4442536}.Release|Any CPU.ActiveCfg = Release|Any CPU
		{2B750FF6-1D9B-9F3D-E774-DB81C4442536}.Release|Any CPU.Build.0 = Release|Any CPU
		{F3DE29B3-1644-A697-1F13-E06C64636483}.Debug|Any CPU.ActiveCfg = Debug|Any CPU
		{F3DE29B3-1644-A697-1F13-E06C64636483}.Debug|Any CPU.Build.0 = Debug|Any CPU
		{F3DE29B3-1644-A697-1F13-E06C64636483}.Release|Any CPU.ActiveCfg = Release|Any CPU
		{F3DE29B3-1644-A697-1F13-E06C64636483}.Release|Any CPU.Build.0 = Release|Any CPU
		{04B07717-6BCF-6F75-E629-3586BAF717B5}.Debug|Any CPU.ActiveCfg = Debug|Any CPU
		{04B07717-6BCF-6F75-E629-3586BAF717B5}.Debug|Any CPU.Build.0 = Debug|Any CPU
		{04B07717-6BCF-6F75-E629-3586BAF717B5}.Release|Any CPU.ActiveCfg = Release|Any CPU
		{04B07717-6BCF-6F75-E629-3586BAF717B5}.Release|Any CPU.Build.0 = Release|Any CPU
		{45CC1C46-AD56-F8C2-D626-B6A7583A7E8B}.Debug|Any CPU.ActiveCfg = Debug|Any CPU
		{45CC1C46-AD56-F8C2-D626-B6A7583A7E8B}.Debug|Any CPU.Build.0 = Debug|Any CPU
		{45CC1C46-AD56-F8C2-D626-B6A7583A7E8B}.Release|Any CPU.ActiveCfg = Release|Any CPU
		{45CC1C46-AD56-F8C2-D626-B6A7583A7E8B}.Release|Any CPU.Build.0 = Release|Any CPU
		{15ACEB02-CA8D-637A-31D6-2AA5F0DA140F}.Debug|Any CPU.ActiveCfg = Debug|Any CPU
		{15ACEB02-CA8D-637A-31D6-2AA5F0DA140F}.Debug|Any CPU.Build.0 = Debug|Any CPU
		{15ACEB02-CA8D-637A-31D6-2AA5F0DA140F}.Release|Any CPU.ActiveCfg = Release|Any CPU
		{15ACEB02-CA8D-637A-31D6-2AA5F0DA140F}.Release|Any CPU.Build.0 = Release|Any CPU
	EndGlobalSection
	GlobalSection(SolutionProperties) = preSolution
		HideSolutionNode = FALSE
	EndGlobalSection
EndGlobal
